
Microsoft Visual Studio Solution File, Format Version 12.00
# Visual Studio Version 16
VisualStudioVersion = 16.0.31605.320
MinimumVisualStudioVersion = 10.0.40219.1
Project("{9A19103F-16F7-4668-BE54-9A1E7A4F7556}") = "DesignPatternsTest", "DesignPatternsTest\DesignPatternsTest.csproj", "{D70E697D-A1DE-4B54-A60B-79E737252DC8}"
EndProject
Project("{9A19103F-16F7-4668-BE54-9A1E7A4F7556}") = "StrategyPattern", "StrategyPattern\StrategyPattern.csproj", "{725D1644-8D65-4A0F-B126-282BB4CF85E5}"
EndProject
Project("{2150E333-8FDC-42A3-9474-1A3956D46DE8}") = "Solution Items", "Solution Items", "{A9F3E68E-D049-4F3B-B9F5-03A77B9D4C92}"
EndProject
Global
	GlobalSection(SolutionConfigurationPlatforms) = preSolution
		Debug|Any CPU = Debug|Any CPU
		Release|Any CPU = Release|Any CPU
	EndGlobalSection
	GlobalSection(ProjectConfigurationPlatforms) = postSolution
		{D70E697D-A1DE-4B54-A60B-79E737252DC8}.Debug|Any CPU.ActiveCfg = Debug|Any CPU
		{D70E697D-A1DE-4B54-A60B-79E737252DC8}.Debug|Any CPU.Build.0 = Debug|Any CPU
		{D70E697D-A1DE-4B54-A60B-79E737252DC8}.Release|Any CPU.ActiveCfg = Release|Any CPU
		{D70E697D-A1DE-4B54-A60B-79E737252DC8}.Release|Any CPU.Build.0 = Release|Any CPU
		{725D1644-8D65-4A0F-B126-282BB4CF85E5}.Debug|Any CPU.ActiveCfg = Debug|Any CPU
		{725D1644-8D65-4A0F-B126-282BB4CF85E5}.Debug|Any CPU.Build.0 = Debug|Any CPU
		{725D1644-8D65-4A0F-B126-282BB4CF85E5}.Release|Any CPU.ActiveCfg = Release|Any CPU
		{725D1644-8D65-4A0F-B126-282BB4CF85E5}.Release|Any CPU.Build.0 = Release|Any CPU
	EndGlobalSection
	GlobalSection(SolutionProperties) = preSolution
		HideSolutionNode = FALSE
	EndGlobalSection
	GlobalSection(ExtensibilityGlobals) = postSolution
		SolutionGuid = {EE7FE76A-E1A4-4596-A5AA-84029C07BB08}
	EndGlobalSection
EndGlobal
